
Microsoft Visual Studio Solution File, Format Version 12.00
# Visual Studio Version 16
VisualStudioVersion = 16.0.29613.14
MinimumVisualStudioVersion = 10.0.40219.1
Project("{FAE04EC0-301F-11D3-BF4B-00C04F79EFBC}") = "conectai", "conectai\conectai.csproj", "{F2FE9D05-C01B-4C89-B33C-82BE438C606B}"
EndProject
Global
	GlobalSection(SolutionConfigurationPlatforms) = preSolution
		Debug|Any CPU = Debug|Any CPU
		Release|Any CPU = Release|Any CPU
	EndGlobalSection
	GlobalSection(ProjectConfigurationPlatforms) = postSolution
		{F2FE9D05-C01B-4C89-B33C-82BE438C606B}.Debug|Any CPU.ActiveCfg = Debug|Any CPU
		{F2FE9D05-C01B-4C89-B33C-82BE438C606B}.Debug|Any CPU.Build.0 = Debug|Any CPU
		{F2FE9D05-C01B-4C89-B33C-82BE438C606B}.Release|Any CPU.ActiveCfg = Release|Any CPU
		{F2FE9D05-C01B-4C89-B33C-82BE438C606B}.Release|Any CPU.Build.0 = Release|Any CPU
	EndGlobalSection
	GlobalSection(SolutionProperties) = preSolution
		HideSolutionNode = FALSE
	EndGlobalSection
	GlobalSection(ExtensibilityGlobals) = postSolution
		VisualSVNWorkingCopyRoot = .
		SolutionGuid = {AF001770-F279-431C-A13A-3F8887DB710B}
	EndGlobalSection
EndGlobal
